
Microsoft Visual Studio Solution File, Format Version 12.00
# Visual Studio Version 17
VisualStudioVersion = 17.10.35013.160
MinimumVisualStudioVersion = 10.0.40219.1
Project("{9A19103F-16F7-4668-BE54-9A1E7A4F7556}") = "RainLanguageServer", "RainLanguageServer\RainLanguageServer.csproj", "{CA273755-31BA-4B14-94A2-F96F41618722}"
EndProject
Project("{9A19103F-16F7-4668-BE54-9A1E7A4F7556}") = "LanguageServerProtocol", "LanguageServerProtocol\LanguageServerProtocol\LanguageServerProtocol.csproj", "{187EE9E1-5311-451A-843D-77E9B319D235}"
EndProject
Global
	GlobalSection(SolutionConfigurationPlatforms) = preSolution
		Debug|Any CPU = Debug|Any CPU
		Release|Any CPU = Release|Any CPU
	EndGlobalSection
	GlobalSection(ProjectConfigurationPlatforms) = postSolution
		{CA273755-31BA-4B14-94A2-F96F41618722}.Debug|Any CPU.ActiveCfg = Debug|Any CPU
		{CA273755-31BA-4B14-94A2-F96F41618722}.Debug|Any CPU.Build.0 = Debug|Any CPU
		{CA273755-31BA-4B14-94A2-F96F41618722}.Release|Any CPU.ActiveCfg = Release|Any CPU
		{CA273755-31BA-4B14-94A2-F96F41618722}.Release|Any CPU.Build.0 = Release|Any CPU
		{187EE9E1-5311-451A-843D-77E9B319D235}.Debug|Any CPU.ActiveCfg = Debug|Any CPU
		{187EE9E1-5311-451A-843D-77E9B319D235}.Debug|Any CPU.Build.0 = Debug|Any CPU
		{187EE9E1-5311-451A-843D-77E9B319D235}.Release|Any CPU.ActiveCfg = Release|Any CPU
		{187EE9E1-5311-451A-843D-77E9B319D235}.Release|Any CPU.Build.0 = Release|Any CPU
	EndGlobalSection
	GlobalSection(SolutionProperties) = preSolution
		HideSolutionNode = FALSE
	EndGlobalSection
	GlobalSection(ExtensibilityGlobals) = postSolution
		SolutionGuid = {19348EE2-B1DD-4755-9C07-0141B68A9105}
	EndGlobalSection
EndGlobal
